<?xml version="1.0" encoding="utf-8"?>
<Project ToolsVersion="4.0" xmlns="http://schemas.microsoft.com/developer/msbuild/2003">
  <ItemGroup>
    <Filter Include="소스 파일">
      <UniqueIdentifier>{4FC737F1-C7A5-4376-A066-2A32D752A2FF}</UniqueIdentifier>
      <Extensions>cpp;c;cc;cxx;c++;cppm;ixx;def;odl;idl;hpj;bat;asm;asmx</Extensions>
    </Filter>
    <Filter Include="헤더 파일">
      <UniqueIdentifier>{93995380-89BD-4b04-88EB-625FBE52EBFB}</UniqueIdentifier>
      <Extensions>h;hh;hpp;hxx;h++;hm;inl;inc;ipp;xsd</Extensions>
    </Filter>
    <Filter Include="리소스 파일">
      <UniqueIdentifier>{67DA6AB6-F800-4c08-8B7A-83BB121AAD01}</UniqueIdentifier>
      <Extensions>rc;ico;cur;bmp;dlg;rc2;rct;bin;rgs;gif;jpg;jpeg;jpe;resx;tiff;tif;png;wav;mfcribbon-ms</Extensions>
    </Filter>
    <Filter Include="소스 파일\Utils">
      <UniqueIdentifier>{970c9b73-1515-43d2-be70-f7246f921a6a}</UniqueIdentifier>
    </Filter>
    <Filter Include="소스 파일\Utils\Imgui">
      <UniqueIdentifier>{cf49f288-f382-48f9-9af1-01b17f961bdb}</UniqueIdentifier>
    </Filter>
    <Filter Include="소스 파일\Utils\Vector">
      <UniqueIdentifier>{b24325a3-454a-437f-be7e-60bdb0a9a3db}</UniqueIdentifier>
    </Filter>
    <Filter Include="소스 파일\Component">
      <UniqueIdentifier>{06fc21aa-dd93-47f4-85d5-7eea40424102}</UniqueIdentifier>
    </Filter>
    <Filter Include="소스 파일\Component\Window">
      <UniqueIdentifier>{3a33d6e7-5ed5-48c5-9a7c-34488558bd20}</UniqueIdentifier>
    </Filter>
    <Filter Include="소스 파일\Component\Schedule">
      <UniqueIdentifier>{4f3018b0-a939-4743-bf84-78165e90fd55}</UniqueIdentifier>
    </Filter>
    <Filter Include="소스 파일\Component\Schedule\Render">
      <UniqueIdentifier>{2cb72201-1e41-42e7-ba64-52f5f87b8b18}</UniqueIdentifier>
    </Filter>
    <Filter Include="소스 파일\Component\Schedule\Render\BackGroundRender">
      <UniqueIdentifier>{1afdfbd9-36f0-485a-935b-d4b186a11993}</UniqueIdentifier>
    </Filter>
    <Filter Include="소스 파일\Component\Schedule\Render\PlayerRender">
      <UniqueIdentifier>{ec5cb1fd-13cc-4e70-a755-96d9bcbf8450}</UniqueIdentifier>
    </Filter>
    <Filter Include="소스 파일\Component\Schedule\ObjectList">
      <UniqueIdentifier>{6f408ab0-8afe-408f-97bd-83ea2e4dd61d}</UniqueIdentifier>
    </Filter>
    <Filter Include="소스 파일\Component\Schedule\ObjectList\PlayerList">
      <UniqueIdentifier>{fc967998-360a-4a19-82a5-0a4bdfad90b8}</UniqueIdentifier>
    </Filter>
    <Filter Include="소스 파일\Component\Schedule\ObjectList\MonsterList">
      <UniqueIdentifier>{da29d5a4-fa0a-48a2-9f10-ee6f707c4bb1}</UniqueIdentifier>
    </Filter>
    <Filter Include="소스 파일\Component\Schedule\Engine">
      <UniqueIdentifier>{6d799af0-924f-4c81-a97b-beafa6f47e39}</UniqueIdentifier>
    </Filter>
    <Filter Include="소스 파일\Component\Schedule\Engine\Animation">
      <UniqueIdentifier>{59bc4e6e-0c27-4299-ac84-5a71c95347de}</UniqueIdentifier>
    </Filter>
    <Filter Include="소스 파일\Component\Schedule\Render\MonsterRender">
      <UniqueIdentifier>{dda79534-3c08-4164-a191-238b1eea2143}</UniqueIdentifier>
    </Filter>
    <Filter Include="소스 파일\Component\Schedule\ObjectList\MapList">
      <UniqueIdentifier>{11a54e8d-75c9-4384-9fbb-10a2ff227067}</UniqueIdentifier>
    </Filter>
    <Filter Include="소스 파일\Component\Schedule\ObjectList\Structure">
      <UniqueIdentifier>{e88d4316-fbd8-4548-a029-976908d123b3}</UniqueIdentifier>
    </Filter>
    <Filter Include="소스 파일\Component\Schedule\Engine\Timer">
      <UniqueIdentifier>{0508d085-01ef-492e-9433-9535159f5743}</UniqueIdentifier>
    </Filter>
    <Filter Include="소스 파일\Component\Schedule\Engine\Calculation">
      <UniqueIdentifier>{86396344-3ffc-43dd-8abe-d3763b3ab212}</UniqueIdentifier>
    </Filter>
    <Filter Include="소스 파일\Component\Schedule\Engine\Input">
      <UniqueIdentifier>{c3cf1f82-3a6b-42f8-aa26-1d93f1e2d4d0}</UniqueIdentifier>
    </Filter>
    <Filter Include="소스 파일\Component\Schedule\ObjectList\MonsterList\GreenMushroom">
      <UniqueIdentifier>{b1ad97e0-cd08-4949-bbe3-06feb3acca0e}</UniqueIdentifier>
    </Filter>
    <Filter Include="소스 파일\Component\Schedule\ObjectList\MonsterList\OrangeMushroom">
      <UniqueIdentifier>{401fc811-f774-4294-9435-e8a30feea14c}</UniqueIdentifier>
    </Filter>
    <Filter Include="소스 파일\Component\Schedule\Engine\DamageLib">
      <UniqueIdentifier>{9b0d358f-6284-4531-a582-62aed8cfaddc}</UniqueIdentifier>
    </Filter>
    <Filter Include="소스 파일\Component\Schedule\Engine\Collision">
      <UniqueIdentifier>{ff0c46f9-0c00-4030-8430-aff9a229a1f7}</UniqueIdentifier>
    </Filter>
    <Filter Include="소스 파일\Component\Schedule\Render\Color">
      <UniqueIdentifier>{0a7f28a8-6def-4863-944d-32942982eb1a}</UniqueIdentifier>
    </Filter>
    <Filter Include="소스 파일\Component\Schedule\Engine\Animation\MonsterAi">
      <UniqueIdentifier>{f9e08b73-83d6-47f4-9034-95f082d55748}</UniqueIdentifier>
    </Filter>
    <Filter Include="소스 파일\Component\Schedule\Render\PlayerStateRender">
      <UniqueIdentifier>{a54732c3-a971-4217-af67-2b7d72cd08e6}</UniqueIdentifier>
    </Filter>
    <Filter Include="소스 파일\Component\Schedule\ObjectList\DamageObject">
      <UniqueIdentifier>{87a70d5c-d857-4c1f-a1a2-9284fbb6de9e}</UniqueIdentifier>
    </Filter>
    <Filter Include="소스 파일\Component\Schedule\ObjectList\Skill">
      <UniqueIdentifier>{c0cd64b8-5280-4927-a59d-2bf9c3e08875}</UniqueIdentifier>
    </Filter>
    <Filter Include="소스 파일\Component\Schedule\ObjectList\PlayerList\SkillObject">
      <UniqueIdentifier>{1606fae7-1965-438f-b8f2-a61fd1869f3f}</UniqueIdentifier>
    </Filter>
    <Filter Include="소스 파일\Component\Schedule\ObjectList\PlayerList\SkillObject\Q">
      <UniqueIdentifier>{47a43333-fd97-42e1-9525-e77c068874f6}</UniqueIdentifier>
    </Filter>
    <Filter Include="소스 파일\Component\Schedule\ObjectList\PlayerList\SkillObject\W">
      <UniqueIdentifier>{06295b2e-abed-4c8b-b25a-f08176520977}</UniqueIdentifier>
    </Filter>
    <Filter Include="소스 파일\Component\Schedule\ObjectList\PlayerList\SkillObject\E">
      <UniqueIdentifier>{9e44a424-4848-4380-9bdc-8b52a46fa588}</UniqueIdentifier>
    </Filter>
    <Filter Include="소스 파일\Component\Schedule\ObjectList\PlayerList\SkillObject\R">
      <UniqueIdentifier>{8eb807b6-3420-47e6-ace2-866f4732d695}</UniqueIdentifier>
    </Filter>
    <Filter Include="소스 파일\Component\Schedule\ObjectList\PlayerList\SkillObject\T">
      <UniqueIdentifier>{2c7bdf14-9870-40ef-9a0f-640110e8cb09}</UniqueIdentifier>
    </Filter>
    <Filter Include="소스 파일\Component\Schedule\ObjectList\SoundList">
      <UniqueIdentifier>{5f04230e-7473-418e-b23d-97d21de8a262}</UniqueIdentifier>
    </Filter>
    <Filter Include="소스 파일\Component\Schedule\ObjectList\MapList\HuntingMap">
      <UniqueIdentifier>{9ce3f7c9-d633-45f6-a380-f635c1c4605a}</UniqueIdentifier>
    </Filter>
    <Filter Include="소스 파일\Component\Schedule\ObjectList\MapList\LodingMap">
      <UniqueIdentifier>{6d67dcf7-a05f-4263-8409-c32f6406aee6}</UniqueIdentifier>
    </Filter>
    <Filter Include="소스 파일\Component\Schedule\ObjectList\MapList\LoginMap">
      <UniqueIdentifier>{4865fa00-5adf-42e4-9be8-430589b83e96}</UniqueIdentifier>
    </Filter>
    <Filter Include="소스 파일\Component\Schedule\ObjectList\MapList\LoginMap\Login">
      <UniqueIdentifier>{4ac47cef-adbb-4ee0-b4a4-8b5f80061d82}</UniqueIdentifier>
    </Filter>
  </ItemGroup>
  <ItemGroup>
    <ClCompile Include="main.cpp">
      <Filter>소스 파일</Filter>
    </ClCompile>
    <ClCompile Include="Utils\Vector\Vector.cpp">
      <Filter>소스 파일\Utils\Vector</Filter>
    </ClCompile>
    <ClCompile Include="Utils\Imgui\imgui.cpp">
      <Filter>소스 파일\Utils\Imgui</Filter>
    </ClCompile>
    <ClCompile Include="Utils\Imgui\imgui_demo.cpp">
      <Filter>소스 파일\Utils\Imgui</Filter>
    </ClCompile>
    <ClCompile Include="Utils\Imgui\imgui_draw.cpp">
      <Filter>소스 파일\Utils\Imgui</Filter>
    </ClCompile>
    <ClCompile Include="Utils\Imgui\imgui_impl_dx11.cpp">
      <Filter>소스 파일\Utils\Imgui</Filter>
    </ClCompile>
    <ClCompile Include="Utils\Imgui\imgui_impl_win32.cpp">
      <Filter>소스 파일\Utils\Imgui</Filter>
    </ClCompile>
    <ClCompile Include="Utils\Imgui\imgui_tables.cpp">
      <Filter>소스 파일\Utils\Imgui</Filter>
    </ClCompile>
    <ClCompile Include="Utils\Imgui\imgui_widgets.cpp">
      <Filter>소스 파일\Utils\Imgui</Filter>
    </ClCompile>
    <ClCompile Include="Component\Window\window.cpp">
      <Filter>소스 파일\Component\Window</Filter>
    </ClCompile>
    <ClCompile Include="Component\Schedule\Schedule.cpp">
      <Filter>소스 파일\Component\Schedule</Filter>
    </ClCompile>
    <ClCompile Include="Component\Schedule\Rendering\RenderingObject.cpp">
      <Filter>소스 파일\Component\Schedule\Render</Filter>
    </ClCompile>
    <ClCompile Include="Component\Schedule\Rendering\BackGroundRender\BackGroundRender.cpp">
      <Filter>소스 파일\Component\Schedule\Render\BackGroundRender</Filter>
    </ClCompile>
    <ClCompile Include="Component\Schedule\Rendering\EachImageRender.cpp">
      <Filter>소스 파일\Component\Schedule\Render</Filter>
    </ClCompile>
    <ClCompile Include="Component\Schedule\Rendering\PlayerRender\PlayerRender.cpp">
      <Filter>소스 파일\Component\Schedule\Render\PlayerRender</Filter>
    </ClCompile>
    <ClCompile Include="Component\Schedule\ObjectList\ObjectList.cpp">
      <Filter>소스 파일\Component\Schedule\ObjectList</Filter>
    </ClCompile>
    <ClCompile Include="Component\Schedule\ObjectList\PlayerList\PlayerObject.cpp">
      <Filter>소스 파일\Component\Schedule\ObjectList\PlayerList</Filter>
    </ClCompile>
    <ClCompile Include="Global.cpp">
      <Filter>헤더 파일</Filter>
    </ClCompile>
    <ClCompile Include="Component\Schedule\ObjectList\ObjectManager.cpp">
      <Filter>소스 파일\Component\Schedule\ObjectList</Filter>
    </ClCompile>
    <ClCompile Include="Component\Schedule\Engine\Animation\Animation.cpp">
      <Filter>소스 파일\Component\Schedule\Engine\Animation</Filter>
    </ClCompile>
    <ClCompile Include="Component\Schedule\Rendering\DrawManager.cpp">
      <Filter>소스 파일\Component\Schedule\Render</Filter>
    </ClCompile>
    <ClCompile Include="Component\Schedule\Engine\Timer\Timer.cpp">
      <Filter>소스 파일\Component\Schedule\Engine\Timer</Filter>
    </ClCompile>
    <ClCompile Include="Component\Schedule\Engine\Calculation\Calculation.cpp">
      <Filter>소스 파일\Component\Schedule\Engine\Calculation</Filter>
    </ClCompile>
    <ClCompile Include="Component\Schedule\Engine\Input\Input.cpp">
      <Filter>소스 파일\Component\Schedule\Engine\Input</Filter>
    </ClCompile>
    <ClCompile Include="Component\Schedule\ObjectList\MonsterList\OrangeMushroom\OrangeMushroom.cpp">
      <Filter>소스 파일\Component\Schedule\ObjectList\MonsterList\OrangeMushroom</Filter>
    </ClCompile>
    <ClCompile Include="Component\Schedule\ObjectList\MonsterList\GreenMushroom\GreenMushroom.cpp">
      <Filter>소스 파일\Component\Schedule\ObjectList\MonsterList\GreenMushroom</Filter>
    </ClCompile>
    <ClCompile Include="Component\Schedule\Rendering\MonsterRender\MonsterRender.cpp">
      <Filter>소스 파일\Component\Schedule\Render\MonsterRender</Filter>
    </ClCompile>
    <ClCompile Include="Component\Schedule\Engine\DamageLib\DamageLib.cpp">
      <Filter>소스 파일\Component\Schedule\Engine\DamageLib</Filter>
    </ClCompile>
    <ClCompile Include="Component\Schedule\Engine\Collision\Collision.cpp">
      <Filter>소스 파일\Component\Schedule\Engine\Collision</Filter>
    </ClCompile>
    <ClCompile Include="Component\Schedule\Engine\MonsterAi\MonsterAI.cpp">
      <Filter>소스 파일\Component\Schedule\Engine\Animation\MonsterAi</Filter>
    </ClCompile>
    <ClCompile Include="Component\Schedule\ObjectList\DamageObject\DamageObject.cpp">
      <Filter>소스 파일\Component\Schedule\ObjectList\DamageObject</Filter>
    </ClCompile>
    <ClCompile Include="Component\Schedule\ObjectList\PlayerList\Skill\SkillObject.cpp">
      <Filter>소스 파일\Component\Schedule\ObjectList\PlayerList\SkillObject</Filter>
    </ClCompile>
    <ClCompile Include="Component\Schedule\ObjectList\PlayerList\Skill\SkillManager.cpp">
      <Filter>소스 파일\Component\Schedule\ObjectList\PlayerList\SkillObject</Filter>
    </ClCompile>
    <ClCompile Include="Component\Schedule\ObjectList\PlayerList\Skill\Q\Q.cpp">
      <Filter>소스 파일\Component\Schedule\ObjectList\PlayerList\SkillObject\Q</Filter>
    </ClCompile>
    <ClCompile Include="Component\Schedule\ObjectList\PlayerList\Skill\E\E.cpp">
      <Filter>소스 파일\Component\Schedule\ObjectList\PlayerList\SkillObject\E</Filter>
    </ClCompile>
    <ClCompile Include="Component\Schedule\ObjectList\PlayerList\Skill\R\R.cpp">
      <Filter>소스 파일\Component\Schedule\ObjectList\PlayerList\SkillObject\R</Filter>
    </ClCompile>
    <ClCompile Include="Component\Schedule\ObjectList\PlayerList\Skill\T\T.cpp">
      <Filter>소스 파일\Component\Schedule\ObjectList\PlayerList\SkillObject\T</Filter>
    </ClCompile>
    <ClCompile Include="Component\Schedule\ObjectList\PlayerList\Skill\W\W.cpp">
      <Filter>소스 파일\Component\Schedule\ObjectList\PlayerList\SkillObject\W</Filter>
    </ClCompile>
    <ClCompile Include="Component\Schedule\ObjectList\SoundList\SoundObject.cpp">
      <Filter>소스 파일\Component\Schedule\ObjectList\SoundList</Filter>
    </ClCompile>
    <ClCompile Include="Component\Schedule\ObjectList\MapList\MapObject.cpp">
      <Filter>소스 파일\Component\Schedule\ObjectList\MapList\HuntingMap</Filter>
    </ClCompile>
    <ClCompile Include="Component\Schedule\ObjectList\LoadingMap\LoadingMap.cpp">
      <Filter>소스 파일\Component\Schedule\ObjectList\MapList\LodingMap</Filter>
    </ClCompile>
    <ClCompile Include="Component\Schedule\ObjectList\LoginMap\LoginMap.cpp">
      <Filter>소스 파일\Component\Schedule\ObjectList\MapList\LoginMap</Filter>
    </ClCompile>
    <ClCompile Include="Component\Schedule\ObjectList\LoginMap\Login\HttpSocket.cpp">
      <Filter>소스 파일\Component\Schedule\ObjectList\MapList\LoginMap\Login</Filter>
    </ClCompile>
  </ItemGroup>
  <ItemGroup>
    <ClInclude Include="pch.h">
      <Filter>헤더 파일</Filter>
    </ClInclude>
    <ClInclude Include="Utils\Vector\Vector.h">
      <Filter>소스 파일\Utils\Vector</Filter>
    </ClInclude>
    <ClInclude Include="Utils\Imgui\imconfig.h">
      <Filter>소스 파일\Utils\Imgui</Filter>
    </ClInclude>
    <ClInclude Include="Utils\Imgui\imgui.h">
      <Filter>소스 파일\Utils\Imgui</Filter>
    </ClInclude>
    <ClInclude Include="Utils\Imgui\imgui_impl_dx11.h">
      <Filter>소스 파일\Utils\Imgui</Filter>
    </ClInclude>
    <ClInclude Include="Utils\Imgui\imgui_impl_win32.h">
      <Filter>소스 파일\Utils\Imgui</Filter>
    </ClInclude>
    <ClInclude Include="Utils\Imgui\imgui_internal.h">
      <Filter>소스 파일\Utils\Imgui</Filter>
    </ClInclude>
    <ClInclude Include="Utils\Imgui\imstb_rectpack.h">
      <Filter>소스 파일\Utils\Imgui</Filter>
    </ClInclude>
    <ClInclude Include="Utils\Imgui\imstb_textedit.h">
      <Filter>소스 파일\Utils\Imgui</Filter>
    </ClInclude>
    <ClInclude Include="Utils\Imgui\imstb_truetype.h">
      <Filter>소스 파일\Utils\Imgui</Filter>
    </ClInclude>
    <ClInclude Include="Component\Window\window.h">
      <Filter>소스 파일\Component\Window</Filter>
    </ClInclude>
    <ClInclude Include="Component\Schedule\Schedule.h">
      <Filter>소스 파일\Component\Schedule</Filter>
    </ClInclude>
    <ClInclude Include="Component\Schedule\Rendering\RenderingObject.h">
      <Filter>소스 파일\Component\Schedule\Render</Filter>
    </ClInclude>
    <ClInclude Include="Component\Schedule\Rendering\BackGroundRender\BackGroundRender.h">
      <Filter>소스 파일\Component\Schedule\Render\BackGroundRender</Filter>
    </ClInclude>
    <ClInclude Include="Component\Schedule\Rendering\EachImageRender.h">
      <Filter>소스 파일\Component\Schedule\Render</Filter>
    </ClInclude>
    <ClInclude Include="Component\Schedule\Rendering\PlayerRender\PlayerRender.h">
      <Filter>소스 파일\Component\Schedule\Render\PlayerRender</Filter>
    </ClInclude>
    <ClInclude Include="Component\Schedule\Rendering\stb_image.h">
      <Filter>소스 파일\Component\Schedule\Render</Filter>
    </ClInclude>
    <ClInclude Include="Component\Schedule\ObjectList\ObjectList.h">
      <Filter>소스 파일\Component\Schedule\ObjectList</Filter>
    </ClInclude>
    <ClInclude Include="Component\Schedule\ObjectList\PlayerList\PlayerObject.h">
      <Filter>소스 파일\Component\Schedule\ObjectList\PlayerList</Filter>
    </ClInclude>
    <ClInclude Include="Global.h">
      <Filter>헤더 파일</Filter>
    </ClInclude>
    <ClInclude Include="Component\Schedule\ObjectList\ObjectManager.h">
      <Filter>소스 파일\Component\Schedule\ObjectList</Filter>
    </ClInclude>
    <ClInclude Include="Component\Schedule\Engine\Animation\Animation.h">
      <Filter>소스 파일\Component\Schedule\Engine\Animation</Filter>
    </ClInclude>
    <ClInclude Include="Component\Schedule\Engine\AnimationType.h">
      <Filter>소스 파일\Component\Schedule\Engine\Animation</Filter>
    </ClInclude>
    <ClInclude Include="Component\Schedule\Rendering\DrawManager.h">
      <Filter>소스 파일\Component\Schedule\Render</Filter>
    </ClInclude>
    <ClInclude Include="Component\Schedule\Engine\Timer\Timer.h">
      <Filter>소스 파일\Component\Schedule\Engine\Timer</Filter>
    </ClInclude>
    <ClInclude Include="Component\Schedule\Engine\Calculation\Calculation.h">
      <Filter>소스 파일\Component\Schedule\Engine\Calculation</Filter>
    </ClInclude>
    <ClInclude Include="Component\Schedule\Engine\Input\Input.h">
      <Filter>소스 파일\Component\Schedule\Engine\Input</Filter>
    </ClInclude>
    <ClInclude Include="Component\Schedule\ObjectList\MonsterList\OrangeMushroom\OrangeMushroom.h">
      <Filter>소스 파일\Component\Schedule\ObjectList\MonsterList\OrangeMushroom</Filter>
    </ClInclude>
    <ClInclude Include="Component\Schedule\ObjectList\MonsterList\GreenMushroom\GreenMushroom.h">
      <Filter>소스 파일\Component\Schedule\ObjectList\MonsterList\GreenMushroom</Filter>
    </ClInclude>
    <ClInclude Include="Component\Schedule\Rendering\MonsterRender\MonsterRender.h">
      <Filter>소스 파일\Component\Schedule\Render\MonsterRender</Filter>
    </ClInclude>
    <ClInclude Include="Component\Schedule\Engine\DamageLib\DamageLib.h">
      <Filter>소스 파일\Component\Schedule\Engine\DamageLib</Filter>
    </ClInclude>
    <ClInclude Include="Component\Schedule\Engine\Collision\Collision.h">
      <Filter>소스 파일\Component\Schedule\Engine\Collision</Filter>
    </ClInclude>
    <ClInclude Include="Component\Schedule\Rendering\Color\Color.h">
      <Filter>소스 파일\Component\Schedule\Render\Color</Filter>
    </ClInclude>
    <ClInclude Include="Component\Schedule\Engine\MonsterAi\MonsterAI.h">
      <Filter>소스 파일\Component\Schedule\Engine\Animation\MonsterAi</Filter>
    </ClInclude>
    <ClInclude Include="Component\Schedule\ObjectList\DamageObject\DamageObject.h">
      <Filter>소스 파일\Component\Schedule\ObjectList\DamageObject</Filter>
    </ClInclude>
    <ClInclude Include="Component\Schedule\ObjectList\PlayerList\Skill\SkillObject.h">
      <Filter>소스 파일\Component\Schedule\ObjectList\PlayerList\SkillObject</Filter>
    </ClInclude>
    <ClInclude Include="Component\Schedule\ObjectList\PlayerList\Skill\SkillManager.h">
      <Filter>소스 파일\Component\Schedule\ObjectList\PlayerList\SkillObject</Filter>
    </ClInclude>
    <ClInclude Include="Component\Schedule\ObjectList\PlayerList\Skill\Q\Q.h">
      <Filter>소스 파일\Component\Schedule\ObjectList\PlayerList\SkillObject\Q</Filter>
    </ClInclude>
    <ClInclude Include="Component\Schedule\ObjectList\PlayerList\Skill\E\E.h">
      <Filter>소스 파일\Component\Schedule\ObjectList\PlayerList\SkillObject\E</Filter>
    </ClInclude>
    <ClInclude Include="Component\Schedule\ObjectList\PlayerList\Skill\R\R.h">
      <Filter>소스 파일\Component\Schedule\ObjectList\PlayerList\SkillObject\R</Filter>
    </ClInclude>
    <ClInclude Include="Component\Schedule\ObjectList\PlayerList\Skill\T\T.h">
      <Filter>소스 파일\Component\Schedule\ObjectList\PlayerList\SkillObject\T</Filter>
    </ClInclude>
    <ClInclude Include="Component\Schedule\ObjectList\PlayerList\Skill\W\W.h">
      <Filter>소스 파일\Component\Schedule\ObjectList\PlayerList\SkillObject\W</Filter>
    </ClInclude>
    <ClInclude Include="Component\Schedule\ObjectList\SoundList\SoundObject.h">
      <Filter>소스 파일\Component\Schedule\ObjectList\SoundList</Filter>
    </ClInclude>
    <ClInclude Include="Component\Schedule\ObjectList\MapList\MapObject.h">
      <Filter>소스 파일\Component\Schedule\ObjectList\MapList\HuntingMap</Filter>
    </ClInclude>
    <ClInclude Include="Component\Schedule\ObjectList\LoadingMap\LoadingMap.h">
      <Filter>소스 파일\Component\Schedule\ObjectList\MapList\LodingMap</Filter>
    </ClInclude>
    <ClInclude Include="Component\Schedule\ObjectList\LoginMap\LoginMap.h">
      <Filter>소스 파일\Component\Schedule\ObjectList\MapList\LoginMap</Filter>
    </ClInclude>
    <ClInclude Include="Component\Schedule\ObjectList\LoginMap\Login\HttpSocket.h">
      <Filter>소스 파일\Component\Schedule\ObjectList\MapList\LoginMap\Login</Filter>
    </ClInclude>
    <ClInclude Include="Component\Schedule\ObjectList\LoginMap\Login\xbase.h">
      <Filter>소스 파일\Component\Schedule\ObjectList\MapList\LoginMap\Login</Filter>
    </ClInclude>
  </ItemGroup>
</Project>